
Microsoft Visual Studio Solution File, Format Version 12.00
# Visual Studio Version 17
VisualStudioVersion = 17.3.32929.385
MinimumVisualStudioVersion = 10.0.40219.1
Project("{FAE04EC0-301F-11D3-BF4B-00C04F79EFBC}") = "Uni_Project_2201561067", "Uni_Project_2201561067\Uni_Project_2201561067.csproj", "{31DE48B2-D329-4A8A-9B68-A7F44C42CE4C}"
EndProject
Global
	GlobalSection(SolutionConfigurationPlatforms) = preSolution
		Debug|Any CPU = Debug|Any CPU
		Release|Any CPU = Release|Any CPU
	EndGlobalSection
	GlobalSection(ProjectConfigurationPlatforms) = postSolution
		{31DE48B2-D329-4A8A-9B68-A7F44C42CE4C}.Debug|Any CPU.ActiveCfg = Debug|Any CPU
		{31DE48B2-D329-4A8A-9B68-A7F44C42CE4C}.Debug|Any CPU.Build.0 = Debug|Any CPU
		{31DE48B2-D329-4A8A-9B68-A7F44C42CE4C}.Release|Any CPU.ActiveCfg = Release|Any CPU
		{31DE48B2-D329-4A8A-9B68-A7F44C42CE4C}.Release|Any CPU.Build.0 = Release|Any CPU
	EndGlobalSection
	GlobalSection(SolutionProperties) = preSolution
		HideSolutionNode = FALSE
	EndGlobalSection
	GlobalSection(ExtensibilityGlobals) = postSolution
		SolutionGuid = {BE224578-977F-41D3-9A9A-74544A2D8C47}
	EndGlobalSection
EndGlobal
